// !$*UTF8*$!
{
	archiveVersion = 1;
	classes = {
	};
	objectVersion = 56;
	objects = {

/* Begin PBXBuildFile section */
		392EB1C12B812AB000BF2C9D /* AppRoutes.swift in Sources */ = {isa = PBXBuildFile; fileRef = 392EB1C02B812AB000BF2C9D /* AppRoutes.swift */; };
		39304A6A2B6FFFBF00DCEB4B /* JobSpot_SwiftUIApp.swift in Sources */ = {isa = PBXBuildFile; fileRef = 39304A692B6FFFBF00DCEB4B /* JobSpot_SwiftUIApp.swift */; };
		39304A6C2B6FFFBF00DCEB4B /* ContentView.swift in Sources */ = {isa = PBXBuildFile; fileRef = 39304A6B2B6FFFBF00DCEB4B /* ContentView.swift */; };
		39304A6E2B6FFFC000DCEB4B /* Assets.xcassets in Resources */ = {isa = PBXBuildFile; fileRef = 39304A6D2B6FFFC000DCEB4B /* Assets.xcassets */; };
		39304A712B6FFFC000DCEB4B /* Preview Assets.xcassets in Resources */ = {isa = PBXBuildFile; fileRef = 39304A702B6FFFC000DCEB4B /* Preview Assets.xcassets */; };
		39304A812B70092A00DCEB4B /* OnboardingView.swift in Sources */ = {isa = PBXBuildFile; fileRef = 39304A802B70092A00DCEB4B /* OnboardingView.swift */; };
		39304A842B7009F300DCEB4B /* TextView.swift in Sources */ = {isa = PBXBuildFile; fileRef = 39304A832B7009F300DCEB4B /* TextView.swift */; };
		39304A8A2B7017B600DCEB4B /* UIColor+Extension.swift in Sources */ = {isa = PBXBuildFile; fileRef = 39304A892B7017B600DCEB4B /* UIColor+Extension.swift */; };
		395890142B78BA550033BF7D /* LoginView.swift in Sources */ = {isa = PBXBuildFile; fileRef = 395890132B78BA550033BF7D /* LoginView.swift */; };
		395890172B78C4710033BF7D /* BaseTextField.swift in Sources */ = {isa = PBXBuildFile; fileRef = 395890162B78C4710033BF7D /* BaseTextField.swift */; };
		3958901A2B78D7D60033BF7D /* BaseButton.swift in Sources */ = {isa = PBXBuildFile; fileRef = 395890192B78D7D60033BF7D /* BaseButton.swift */; };
		3958901E2B7916210033BF7D /* ForgotPasswordView.swift in Sources */ = {isa = PBXBuildFile; fileRef = 3958901D2B7916210033BF7D /* ForgotPasswordView.swift */; };
		395890202B7918C00033BF7D /* ResetPasswordCodeView.swift in Sources */ = {isa = PBXBuildFile; fileRef = 3958901F2B7918C00033BF7D /* ResetPasswordCodeView.swift */; };
		395890242B791CA30033BF7D /* HomeView.swift in Sources */ = {isa = PBXBuildFile; fileRef = 395890232B791CA30033BF7D /* HomeView.swift */; };
		395890272B791CDD0033BF7D /* HomeBannerView.swift in Sources */ = {isa = PBXBuildFile; fileRef = 395890262B791CDD0033BF7D /* HomeBannerView.swift */; };
		395890292B791E9C0033BF7D /* HomeHeaderView.swift in Sources */ = {isa = PBXBuildFile; fileRef = 395890282B791E9C0033BF7D /* HomeHeaderView.swift */; };
		3958902B2B7924AD0033BF7D /* HomeJobStatsView.swift in Sources */ = {isa = PBXBuildFile; fileRef = 3958902A2B7924AD0033BF7D /* HomeJobStatsView.swift */; };
		3963C3852B7C12BD009ADAC2 /* CompanyDetailAboutView.swift in Sources */ = {isa = PBXBuildFile; fileRef = 3963C3842B7C12BD009ADAC2 /* CompanyDetailAboutView.swift */; };
		3963C3872B7C1BBD009ADAC2 /* CompanyDetailJobListView.swift in Sources */ = {isa = PBXBuildFile; fileRef = 3963C3862B7C1BBC009ADAC2 /* CompanyDetailJobListView.swift */; };
		3963C3892B7C2A35009ADAC2 /* JobApplicationView.swift in Sources */ = {isa = PBXBuildFile; fileRef = 3963C3882B7C2A35009ADAC2 /* JobApplicationView.swift */; };
		3963C38D2B7C2BAE009ADAC2 /* UploadCVView.swift in Sources */ = {isa = PBXBuildFile; fileRef = 3963C38C2B7C2BAE009ADAC2 /* UploadCVView.swift */; };
		3963C38F2B7C39ED009ADAC2 /* MultipleTextField.swift in Sources */ = {isa = PBXBuildFile; fileRef = 3963C38E2B7C39ED009ADAC2 /* MultipleTextField.swift */; };
		399DD1272B793AEC00DAF56E /* HomeRecentJobListView.swift in Sources */ = {isa = PBXBuildFile; fileRef = 399DD1262B793AEC00DAF56E /* HomeRecentJobListView.swift */; };
		39B9D8082B7A9A8F0082A781 /* JobDetailView.swift in Sources */ = {isa = PBXBuildFile; fileRef = 39B9D8072B7A9A8F0082A781 /* JobDetailView.swift */; };
		39B9D80B2B7A9C750082A781 /* JobDetailHeaderView.swift in Sources */ = {isa = PBXBuildFile; fileRef = 39B9D80A2B7A9C750082A781 /* JobDetailHeaderView.swift */; };
		39EF424F2B8332A500059A20 /* AppNavigation.swift in Sources */ = {isa = PBXBuildFile; fileRef = 39EF424E2B8332A500059A20 /* AppNavigation.swift */; };
		39EF42512B835D5E00059A20 /* auth_route.swift in Sources */ = {isa = PBXBuildFile; fileRef = 39EF42502B835D5E00059A20 /* auth_route.swift */; };
		39EF42532B835D8900059A20 /* home_route.swift in Sources */ = {isa = PBXBuildFile; fileRef = 39EF42522B835D8900059A20 /* home_route.swift */; };
		39EF42552B835DFA00059A20 /* company_routes.swift in Sources */ = {isa = PBXBuildFile; fileRef = 39EF42542B835DFA00059A20 /* company_routes.swift */; };
		39EF42572B835F8000059A20 /* job_routes.swift in Sources */ = {isa = PBXBuildFile; fileRef = 39EF42562B835F8000059A20 /* job_routes.swift */; };
		39F3A9A02B7BD1ED000A447A /* JobDetailsDescriptionView.swift in Sources */ = {isa = PBXBuildFile; fileRef = 39F3A99F2B7BD1ED000A447A /* JobDetailsDescriptionView.swift */; };
		39F3A9A22B7BDB08000A447A /* JobDetailLocationView.swift in Sources */ = {isa = PBXBuildFile; fileRef = 39F3A9A12B7BDB08000A447A /* JobDetailLocationView.swift */; };
		39F3A9A42B7BE7FC000A447A /* JobDetailInformationView.swift in Sources */ = {isa = PBXBuildFile; fileRef = 39F3A9A32B7BE7FC000A447A /* JobDetailInformationView.swift */; };
		39F3A9A92B7BF261000A447A /* CompanyDetailsView.swift in Sources */ = {isa = PBXBuildFile; fileRef = 39F3A9A82B7BF261000A447A /* CompanyDetailsView.swift */; };
		39F3A9AB2B7BF28B000A447A /* CompanyDetailHeaderView.swift in Sources */ = {isa = PBXBuildFile; fileRef = 39F3A9AA2B7BF28B000A447A /* CompanyDetailHeaderView.swift */; };
		39F3A9AD2B7BF578000A447A /* CompanyDetailButtonTabViewView.swift in Sources */ = {isa = PBXBuildFile; fileRef = 39F3A9AC2B7BF578000A447A /* CompanyDetailButtonTabViewView.swift */; };
/* End PBXBuildFile section */

/* Begin PBXFileReference section */
		392EB1C02B812AB000BF2C9D /* AppRoutes.swift */ = {isa = PBXFileReference; lastKnownFileType = sourcecode.swift; path = AppRoutes.swift; sourceTree = "<group>"; };
		39304A662B6FFFBF00DCEB4B /* JobSpot_SwiftUI.app */ = {isa = PBXFileReference; explicitFileType = wrapper.application; includeInIndex = 0; path = JobSpot_SwiftUI.app; sourceTree = BUILT_PRODUCTS_DIR; };
		39304A692B6FFFBF00DCEB4B /* JobSpot_SwiftUIApp.swift */ = {isa = PBXFileReference; lastKnownFileType = sourcecode.swift; path = JobSpot_SwiftUIApp.swift; sourceTree = "<group>"; };
		39304A6B2B6FFFBF00DCEB4B /* ContentView.swift */ = {isa = PBXFileReference; lastKnownFileType = sourcecode.swift; path = ContentView.swift; sourceTree = "<group>"; };
		39304A6D2B6FFFC000DCEB4B /* Assets.xcassets */ = {isa = PBXFileReference; lastKnownFileType = folder.assetcatalog; path = Assets.xcassets; sourceTree = "<group>"; };
		39304A702B6FFFC000DCEB4B /* Preview Assets.xcassets */ = {isa = PBXFileReference; lastKnownFileType = folder.assetcatalog; path = "Preview Assets.xcassets"; sourceTree = "<group>"; };
		39304A802B70092A00DCEB4B /* OnboardingView.swift */ = {isa = PBXFileReference; lastKnownFileType = sourcecode.swift; path = OnboardingView.swift; sourceTree = "<group>"; };
		39304A832B7009F300DCEB4B /* TextView.swift */ = {isa = PBXFileReference; lastKnownFileType = sourcecode.swift; path = TextView.swift; sourceTree = "<group>"; };
		39304A892B7017B600DCEB4B /* UIColor+Extension.swift */ = {isa = PBXFileReference; lastKnownFileType = sourcecode.swift; path = "UIColor+Extension.swift"; sourceTree = "<group>"; };
		395890132B78BA550033BF7D /* LoginView.swift */ = {isa = PBXFileReference; lastKnownFileType = sourcecode.swift; path = LoginView.swift; sourceTree = "<group>"; };
		395890162B78C4710033BF7D /* BaseTextField.swift */ = {isa = PBXFileReference; lastKnownFileType = sourcecode.swift; path = BaseTextField.swift; sourceTree = "<group>"; };
		395890192B78D7D60033BF7D /* BaseButton.swift */ = {isa = PBXFileReference; lastKnownFileType = sourcecode.swift; path = BaseButton.swift; sourceTree = "<group>"; };
		3958901D2B7916210033BF7D /* ForgotPasswordView.swift */ = {isa = PBXFileReference; lastKnownFileType = sourcecode.swift; path = ForgotPasswordView.swift; sourceTree = "<group>"; };
		3958901F2B7918C00033BF7D /* ResetPasswordCodeView.swift */ = {isa = PBXFileReference; lastKnownFileType = sourcecode.swift; path = ResetPasswordCodeView.swift; sourceTree = "<group>"; };
		395890232B791CA30033BF7D /* HomeView.swift */ = {isa = PBXFileReference; lastKnownFileType = sourcecode.swift; path = HomeView.swift; sourceTree = "<group>"; };
		395890262B791CDD0033BF7D /* HomeBannerView.swift */ = {isa = PBXFileReference; lastKnownFileType = sourcecode.swift; path = HomeBannerView.swift; sourceTree = "<group>"; };
		395890282B791E9C0033BF7D /* HomeHeaderView.swift */ = {isa = PBXFileReference; lastKnownFileType = sourcecode.swift; path = HomeHeaderView.swift; sourceTree = "<group>"; };
		3958902A2B7924AD0033BF7D /* HomeJobStatsView.swift */ = {isa = PBXFileReference; lastKnownFileType = sourcecode.swift; path = HomeJobStatsView.swift; sourceTree = "<group>"; };
		3963C3842B7C12BD009ADAC2 /* CompanyDetailAboutView.swift */ = {isa = PBXFileReference; lastKnownFileType = sourcecode.swift; path = CompanyDetailAboutView.swift; sourceTree = "<group>"; };
		3963C3862B7C1BBC009ADAC2 /* CompanyDetailJobListView.swift */ = {isa = PBXFileReference; lastKnownFileType = sourcecode.swift; path = CompanyDetailJobListView.swift; sourceTree = "<group>"; };
		3963C3882B7C2A35009ADAC2 /* JobApplicationView.swift */ = {isa = PBXFileReference; lastKnownFileType = sourcecode.swift; path = JobApplicationView.swift; sourceTree = "<group>"; };
		3963C38C2B7C2BAE009ADAC2 /* UploadCVView.swift */ = {isa = PBXFileReference; lastKnownFileType = sourcecode.swift; path = UploadCVView.swift; sourceTree = "<group>"; };
		3963C38E2B7C39ED009ADAC2 /* MultipleTextField.swift */ = {isa = PBXFileReference; lastKnownFileType = sourcecode.swift; path = MultipleTextField.swift; sourceTree = "<group>"; };
		399DD1262B793AEC00DAF56E /* HomeRecentJobListView.swift */ = {isa = PBXFileReference; lastKnownFileType = sourcecode.swift; path = HomeRecentJobListView.swift; sourceTree = "<group>"; };
		39B9D8072B7A9A8F0082A781 /* JobDetailView.swift */ = {isa = PBXFileReference; lastKnownFileType = sourcecode.swift; path = JobDetailView.swift; sourceTree = "<group>"; };
		39B9D80A2B7A9C750082A781 /* JobDetailHeaderView.swift */ = {isa = PBXFileReference; lastKnownFileType = sourcecode.swift; path = JobDetailHeaderView.swift; sourceTree = "<group>"; };
		39EF424E2B8332A500059A20 /* AppNavigation.swift */ = {isa = PBXFileReference; lastKnownFileType = sourcecode.swift; path = AppNavigation.swift; sourceTree = "<group>"; };
		39EF42502B835D5E00059A20 /* auth_route.swift */ = {isa = PBXFileReference; lastKnownFileType = sourcecode.swift; path = auth_route.swift; sourceTree = "<group>"; };
		39EF42522B835D8900059A20 /* home_route.swift */ = {isa = PBXFileReference; lastKnownFileType = sourcecode.swift; path = home_route.swift; sourceTree = "<group>"; };
		39EF42542B835DFA00059A20 /* company_routes.swift */ = {isa = PBXFileReference; lastKnownFileType = sourcecode.swift; path = company_routes.swift; sourceTree = "<group>"; };
		39EF42562B835F8000059A20 /* job_routes.swift */ = {isa = PBXFileReference; lastKnownFileType = sourcecode.swift; path = job_routes.swift; sourceTree = "<group>"; };
		39F3A99F2B7BD1ED000A447A /* JobDetailsDescriptionView.swift */ = {isa = PBXFileReference; lastKnownFileType = sourcecode.swift; path = JobDetailsDescriptionView.swift; sourceTree = "<group>"; };
		39F3A9A12B7BDB08000A447A /* JobDetailLocationView.swift */ = {isa = PBXFileReference; lastKnownFileType = sourcecode.swift; path = JobDetailLocationView.swift; sourceTree = "<group>"; };
		39F3A9A32B7BE7FC000A447A /* JobDetailInformationView.swift */ = {isa = PBXFileReference; lastKnownFileType = sourcecode.swift; path = JobDetailInformationView.swift; sourceTree = "<group>"; };
		39F3A9A82B7BF261000A447A /* CompanyDetailsView.swift */ = {isa = PBXFileReference; lastKnownFileType = sourcecode.swift; path = CompanyDetailsView.swift; sourceTree = "<group>"; };
		39F3A9AA2B7BF28B000A447A /* CompanyDetailHeaderView.swift */ = {isa = PBXFileReference; lastKnownFileType = sourcecode.swift; path = CompanyDetailHeaderView.swift; sourceTree = "<group>"; };
		39F3A9AC2B7BF578000A447A /* CompanyDetailButtonTabViewView.swift */ = {isa = PBXFileReference; lastKnownFileType = sourcecode.swift; path = CompanyDetailButtonTabViewView.swift; sourceTree = "<group>"; };
/* End PBXFileReference section */

/* Begin PBXFrameworksBuildPhase section */
		39304A632B6FFFBF00DCEB4B /* Frameworks */ = {
			isa = PBXFrameworksBuildPhase;
			buildActionMask = 2147483647;
			files = (
			);
			runOnlyForDeploymentPostprocessing = 0;
		};
/* End PBXFrameworksBuildPhase section */

/* Begin PBXGroup section */
		392EB1BD2B812A0300BF2C9D /* Navigation */ = {
			isa = PBXGroup;
			children = (
				392EB1C02B812AB000BF2C9D /* AppRoutes.swift */,
				39EF424E2B8332A500059A20 /* AppNavigation.swift */,
			);
			path = Navigation;
			sourceTree = "<group>";
		};
		39304A5D2B6FFFBF00DCEB4B = {
			isa = PBXGroup;
			children = (
				39304A682B6FFFBF00DCEB4B /* JobSpot_SwiftUI */,
				39304A672B6FFFBF00DCEB4B /* Products */,
			);
			sourceTree = "<group>";
		};
		39304A672B6FFFBF00DCEB4B /* Products */ = {
			isa = PBXGroup;
			children = (
				39304A662B6FFFBF00DCEB4B /* JobSpot_SwiftUI.app */,
			);
			name = Products;
			sourceTree = "<group>";
		};
		39304A682B6FFFBF00DCEB4B /* JobSpot_SwiftUI */ = {
			isa = PBXGroup;
			children = (
				39304A772B70071400DCEB4B /* Cores */,
				39304A782B7007A200DCEB4B /* Features */,
				39304A692B6FFFBF00DCEB4B /* JobSpot_SwiftUIApp.swift */,
				39304A6B2B6FFFBF00DCEB4B /* ContentView.swift */,
				39304A6D2B6FFFC000DCEB4B /* Assets.xcassets */,
				39304A6F2B6FFFC000DCEB4B /* Preview Content */,
			);
			path = JobSpot_SwiftUI;
			sourceTree = "<group>";
		};
		39304A6F2B6FFFC000DCEB4B /* Preview Content */ = {
			isa = PBXGroup;
			children = (
				39304A702B6FFFC000DCEB4B /* Preview Assets.xcassets */,
			);
			path = "Preview Content";
			sourceTree = "<group>";
		};
		39304A772B70071400DCEB4B /* Cores */ = {
			isa = PBXGroup;
			children = (
				39304A882B70179F00DCEB4B /* Extenstions */,
				39304A822B70098600DCEB4B /* Components */,
			);
			path = Cores;
			sourceTree = "<group>";
		};
		39304A782B7007A200DCEB4B /* Features */ = {
			isa = PBXGroup;
			children = (
				39F3A9A52B7BF206000A447A /* Company */,
				39EF42542B835DFA00059A20 /* company_routes.swift */,
				399DD1282B795EF000DAF56E /* Jobs */,
				39304A7A2B70081300DCEB4B /* Home */,
				39304A792B7007FD00DCEB4B /* Auth */,
			);
			path = Features;
			sourceTree = "<group>";
		};
		39304A792B7007FD00DCEB4B /* Auth */ = {
			isa = PBXGroup;
			children = (
				3958901B2B7915FA0033BF7D /* ForgotPassword */,
				39304A7B2B70084500DCEB4B /* Login */,
				39EF42502B835D5E00059A20 /* auth_route.swift */,
			);
			path = Auth;
			sourceTree = "<group>";
		};
		39304A7A2B70081300DCEB4B /* Home */ = {
			isa = PBXGroup;
			children = (
				395890222B791C120033BF7D /* Components */,
				395890212B791C070033BF7D /* Views */,
				39EF42522B835D8900059A20 /* home_route.swift */,
			);
			path = Home;
			sourceTree = "<group>";
		};
		39304A7B2B70084500DCEB4B /* Login */ = {
			isa = PBXGroup;
			children = (
				39304A7F2B7008DD00DCEB4B /* Components */,
				39304A7D2B70088000DCEB4B /* View */,
			);
			path = Login;
			sourceTree = "<group>";
		};
		39304A7D2B70088000DCEB4B /* View */ = {
			isa = PBXGroup;
			children = (
				39304A802B70092A00DCEB4B /* OnboardingView.swift */,
				395890132B78BA550033BF7D /* LoginView.swift */,
			);
			path = View;
			sourceTree = "<group>";
		};
		39304A7F2B7008DD00DCEB4B /* Components */ = {
			isa = PBXGroup;
			children = (
			);
			path = Components;
			sourceTree = "<group>";
		};
		39304A822B70098600DCEB4B /* Components */ = {
			isa = PBXGroup;
			children = (
				395890182B78D7C80033BF7D /* Buttons */,
				395890152B78C0CD0033BF7D /* TextField */,
				39304A852B700D2E00DCEB4B /* Text */,
			);
			path = Components;
			sourceTree = "<group>";
		};
		39304A852B700D2E00DCEB4B /* Text */ = {
			isa = PBXGroup;
			children = (
				39304A832B7009F300DCEB4B /* TextView.swift */,
			);
			path = Text;
			sourceTree = "<group>";
		};
		39304A882B70179F00DCEB4B /* Extenstions */ = {
			isa = PBXGroup;
			children = (
				392EB1BD2B812A0300BF2C9D /* Navigation */,
				39304A892B7017B600DCEB4B /* UIColor+Extension.swift */,
			);
			path = Extenstions;
			sourceTree = "<group>";
		};
		395890152B78C0CD0033BF7D /* TextField */ = {
			isa = PBXGroup;
			children = (
				395890162B78C4710033BF7D /* BaseTextField.swift */,
			);
			path = TextField;
			sourceTree = "<group>";
		};
		395890182B78D7C80033BF7D /* Buttons */ = {
			isa = PBXGroup;
			children = (
				395890192B78D7D60033BF7D /* BaseButton.swift */,
				3963C38E2B7C39ED009ADAC2 /* MultipleTextField.swift */,
			);
			path = Buttons;
			sourceTree = "<group>";
		};
		3958901B2B7915FA0033BF7D /* ForgotPassword */ = {
			isa = PBXGroup;
			children = (
				3958901C2B79160F0033BF7D /* Views */,
			);
			path = ForgotPassword;
			sourceTree = "<group>";
		};
		3958901C2B79160F0033BF7D /* Views */ = {
			isa = PBXGroup;
			children = (
				3958901D2B7916210033BF7D /* ForgotPasswordView.swift */,
				3958901F2B7918C00033BF7D /* ResetPasswordCodeView.swift */,
			);
			path = Views;
			sourceTree = "<group>";
		};
		395890212B791C070033BF7D /* Views */ = {
			isa = PBXGroup;
			children = (
				395890232B791CA30033BF7D /* HomeView.swift */,
			);
			path = Views;
			sourceTree = "<group>";
		};
		395890222B791C120033BF7D /* Components */ = {
			isa = PBXGroup;
			children = (
				395890262B791CDD0033BF7D /* HomeBannerView.swift */,
				395890282B791E9C0033BF7D /* HomeHeaderView.swift */,
				3958902A2B7924AD0033BF7D /* HomeJobStatsView.swift */,
				399DD1262B793AEC00DAF56E /* HomeRecentJobListView.swift */,
			);
			path = Components;
			sourceTree = "<group>";
		};
		3963C38A2B7C2A3A009ADAC2 /* JobDetails */ = {
			isa = PBXGroup;
			children = (
				39F3A9A12B7BDB08000A447A /* JobDetailLocationView.swift */,
				39F3A9A32B7BE7FC000A447A /* JobDetailInformationView.swift */,
				39F3A99F2B7BD1ED000A447A /* JobDetailsDescriptionView.swift */,
			);
			path = JobDetails;
			sourceTree = "<group>";
		};
		3963C38B2B7C2A44009ADAC2 /* JobApplication */ = {
			isa = PBXGroup;
			children = (
				3963C38C2B7C2BAE009ADAC2 /* UploadCVView.swift */,
			);
			path = JobApplication;
			sourceTree = "<group>";
		};
		399DD1282B795EF000DAF56E /* Jobs */ = {
			isa = PBXGroup;
			children = (
				39B9D8092B7A9BEE0082A781 /* Component */,
				399DD1292B795F0500DAF56E /* Views */,
				39EF42562B835F8000059A20 /* job_routes.swift */,
			);
			path = Jobs;
			sourceTree = "<group>";
		};
		399DD1292B795F0500DAF56E /* Views */ = {
			isa = PBXGroup;
			children = (
				39B9D8072B7A9A8F0082A781 /* JobDetailView.swift */,
				3963C3882B7C2A35009ADAC2 /* JobApplicationView.swift */,
			);
			path = Views;
			sourceTree = "<group>";
		};
		39B9D8092B7A9BEE0082A781 /* Component */ = {
			isa = PBXGroup;
			children = (
				3963C38B2B7C2A44009ADAC2 /* JobApplication */,
				3963C38A2B7C2A3A009ADAC2 /* JobDetails */,
				39B9D80A2B7A9C750082A781 /* JobDetailHeaderView.swift */,
			);
			path = Component;
			sourceTree = "<group>";
		};
		39F3A9A52B7BF206000A447A /* Company */ = {
			isa = PBXGroup;
			children = (
				39F3A9A72B7BF247000A447A /* Component */,
				39F3A9A62B7BF224000A447A /* View */,
			);
			path = Company;
			sourceTree = "<group>";
		};
		39F3A9A62B7BF224000A447A /* View */ = {
			isa = PBXGroup;
			children = (
				39F3A9A82B7BF261000A447A /* CompanyDetailsView.swift */,
			);
			path = View;
			sourceTree = "<group>";
		};
		39F3A9A72B7BF247000A447A /* Component */ = {
			isa = PBXGroup;
			children = (
				3963C3862B7C1BBC009ADAC2 /* CompanyDetailJobListView.swift */,
				39F3A9AA2B7BF28B000A447A /* CompanyDetailHeaderView.swift */,
				39F3A9AC2B7BF578000A447A /* CompanyDetailButtonTabViewView.swift */,
				3963C3842B7C12BD009ADAC2 /* CompanyDetailAboutView.swift */,
			);
			path = Component;
			sourceTree = "<group>";
		};
/* End PBXGroup section */

/* Begin PBXNativeTarget section */
		39304A652B6FFFBF00DCEB4B /* JobSpot_SwiftUI */ = {
			isa = PBXNativeTarget;
			buildConfigurationList = 39304A742B6FFFC000DCEB4B /* Build configuration list for PBXNativeTarget "JobSpot_SwiftUI" */;
			buildPhases = (
				39304A622B6FFFBF00DCEB4B /* Sources */,
				39304A632B6FFFBF00DCEB4B /* Frameworks */,
				39304A642B6FFFBF00DCEB4B /* Resources */,
			);
			buildRules = (
			);
			dependencies = (
			);
			name = JobSpot_SwiftUI;
			productName = JobSpot_SwiftUI;
			productReference = 39304A662B6FFFBF00DCEB4B /* JobSpot_SwiftUI.app */;
			productType = "com.apple.product-type.application";
		};
/* End PBXNativeTarget section */

/* Begin PBXProject section */
		39304A5E2B6FFFBF00DCEB4B /* Project object */ = {
			isa = PBXProject;
			attributes = {
				BuildIndependentTargetsInParallel = 1;
				LastSwiftUpdateCheck = 1410;
				LastUpgradeCheck = 1410;
				TargetAttributes = {
					39304A652B6FFFBF00DCEB4B = {
						CreatedOnToolsVersion = 14.1;
					};
				};
			};
			buildConfigurationList = 39304A612B6FFFBF00DCEB4B /* Build configuration list for PBXProject "JobSpot_SwiftUI" */;
			compatibilityVersion = "Xcode 14.0";
			developmentRegion = en;
			hasScannedForEncodings = 0;
			knownRegions = (
				en,
				Base,
			);
			mainGroup = 39304A5D2B6FFFBF00DCEB4B;
			productRefGroup = 39304A672B6FFFBF00DCEB4B /* Products */;
			projectDirPath = "";
			projectRoot = "";
			targets = (
				39304A652B6FFFBF00DCEB4B /* JobSpot_SwiftUI */,
			);
		};
/* End PBXProject section */

/* Begin PBXResourcesBuildPhase section */
		39304A642B6FFFBF00DCEB4B /* Resources */ = {
			isa = PBXResourcesBuildPhase;
			buildActionMask = 2147483647;
			files = (
				39304A712B6FFFC000DCEB4B /* Preview Assets.xcassets in Resources */,
				39304A6E2B6FFFC000DCEB4B /* Assets.xcassets in Resources */,
			);
			runOnlyForDeploymentPostprocessing = 0;
		};
/* End PBXResourcesBuildPhase section */

/* Begin PBXSourcesBuildPhase section */
		39304A622B6FFFBF00DCEB4B /* Sources */ = {
			isa = PBXSourcesBuildPhase;
			buildActionMask = 2147483647;
			files = (
				39F3A9AB2B7BF28B000A447A /* CompanyDetailHeaderView.swift in Sources */,
				39EF42572B835F8000059A20 /* job_routes.swift in Sources */,
				395890142B78BA550033BF7D /* LoginView.swift in Sources */,
				392EB1C12B812AB000BF2C9D /* AppRoutes.swift in Sources */,
				3963C38D2B7C2BAE009ADAC2 /* UploadCVView.swift in Sources */,
				395890272B791CDD0033BF7D /* HomeBannerView.swift in Sources */,
				3963C3892B7C2A35009ADAC2 /* JobApplicationView.swift in Sources */,
				395890292B791E9C0033BF7D /* HomeHeaderView.swift in Sources */,
				39B9D80B2B7A9C750082A781 /* JobDetailHeaderView.swift in Sources */,
				39304A8A2B7017B600DCEB4B /* UIColor+Extension.swift in Sources */,
				395890202B7918C00033BF7D /* ResetPasswordCodeView.swift in Sources */,
				39EF42532B835D8900059A20 /* home_route.swift in Sources */,
				39EF42512B835D5E00059A20 /* auth_route.swift in Sources */,
				3963C3872B7C1BBD009ADAC2 /* CompanyDetailJobListView.swift in Sources */,
				3958901A2B78D7D60033BF7D /* BaseButton.swift in Sources */,
				395890172B78C4710033BF7D /* BaseTextField.swift in Sources */,
				39B9D8082B7A9A8F0082A781 /* JobDetailView.swift in Sources */,
				39F3A9A92B7BF261000A447A /* CompanyDetailsView.swift in Sources */,
				39EF42552B835DFA00059A20 /* company_routes.swift in Sources */,
				3958902B2B7924AD0033BF7D /* HomeJobStatsView.swift in Sources */,
				39EF424F2B8332A500059A20 /* AppNavigation.swift in Sources */,
				3963C38F2B7C39ED009ADAC2 /* MultipleTextField.swift in Sources */,
				39F3A9AD2B7BF578000A447A /* CompanyDetailButtonTabViewView.swift in Sources */,
				39F3A9A02B7BD1ED000A447A /* JobDetailsDescriptionView.swift in Sources */,
				395890242B791CA30033BF7D /* HomeView.swift in Sources */,
				3963C3852B7C12BD009ADAC2 /* CompanyDetailAboutView.swift in Sources */,
				39F3A9A22B7BDB08000A447A /* JobDetailLocationView.swift in Sources */,
				39304A812B70092A00DCEB4B /* OnboardingView.swift in Sources */,
				39304A842B7009F300DCEB4B /* TextView.swift in Sources */,
				399DD1272B793AEC00DAF56E /* HomeRecentJobListView.swift in Sources */,
				39F3A9A42B7BE7FC000A447A /* JobDetailInformationView.swift in Sources */,
				39304A6C2B6FFFBF00DCEB4B /* ContentView.swift in Sources */,
				39304A6A2B6FFFBF00DCEB4B /* JobSpot_SwiftUIApp.swift in Sources */,
				3958901E2B7916210033BF7D /* ForgotPasswordView.swift in Sources */,
			);
			runOnlyForDeploymentPostprocessing = 0;
		};
/* End PBXSourcesBuildPhase section */

/* Begin XCBuildConfiguration section */
		39304A722B6FFFC000DCEB4B /* Debug */ = {
			isa = XCBuildConfiguration;
			buildSettings = {
				ALWAYS_SEARCH_USER_PATHS = NO;
				CLANG_ANALYZER_NONNULL = YES;
				CLANG_ANALYZER_NUMBER_OBJECT_CONVERSION = YES_AGGRESSIVE;
				CLANG_CXX_LANGUAGE_STANDARD = "gnu++20";
				CLANG_ENABLE_MODULES = YES;
				CLANG_ENABLE_OBJC_ARC = YES;
				CLANG_ENABLE_OBJC_WEAK = YES;
				CLANG_WARN_BLOCK_CAPTURE_AUTORELEASING = YES;
				CLANG_WARN_BOOL_CONVERSION = YES;
				CLANG_WARN_COMMA = YES;
				CLANG_WARN_CONSTANT_CONVERSION = YES;
				CLANG_WARN_DEPRECATED_OBJC_IMPLEMENTATIONS = YES;
				CLANG_WARN_DIRECT_OBJC_ISA_USAGE = YES_ERROR;
				CLANG_WARN_DOCUMENTATION_COMMENTS = YES;
				CLANG_WARN_EMPTY_BODY = YES;
				CLANG_WARN_ENUM_CONVERSION = YES;
				CLANG_WARN_INFINITE_RECURSION = YES;
				CLANG_WARN_INT_CONVERSION = YES;
				CLANG_WARN_NON_LITERAL_NULL_CONVERSION = YES;
				CLANG_WARN_OBJC_IMPLICIT_RETAIN_SELF = YES;
				CLANG_WARN_OBJC_LITERAL_CONVERSION = YES;
				CLANG_WARN_OBJC_ROOT_CLASS = YES_ERROR;
				CLANG_WARN_QUOTED_INCLUDE_IN_FRAMEWORK_HEADER = YES;
				CLANG_WARN_RANGE_LOOP_ANALYSIS = YES;
				CLANG_WARN_STRICT_PROTOTYPES = YES;
				CLANG_WARN_SUSPICIOUS_MOVE = YES;
				CLANG_WARN_UNGUARDED_AVAILABILITY = YES_AGGRESSIVE;
				CLANG_WARN_UNREACHABLE_CODE = YES;
				CLANG_WARN__DUPLICATE_METHOD_MATCH = YES;
				COPY_PHASE_STRIP = NO;
				DEBUG_INFORMATION_FORMAT = dwarf;
				ENABLE_STRICT_OBJC_MSGSEND = YES;
				ENABLE_TESTABILITY = YES;
				GCC_C_LANGUAGE_STANDARD = gnu11;
				GCC_DYNAMIC_NO_PIC = NO;
				GCC_NO_COMMON_BLOCKS = YES;
				GCC_OPTIMIZATION_LEVEL = 0;
				GCC_PREPROCESSOR_DEFINITIONS = (
					"DEBUG=1",
					"$(inherited)",
				);
				GCC_WARN_64_TO_32_BIT_CONVERSION = YES;
				GCC_WARN_ABOUT_RETURN_TYPE = YES_ERROR;
				GCC_WARN_UNDECLARED_SELECTOR = YES;
				GCC_WARN_UNINITIALIZED_AUTOS = YES_AGGRESSIVE;
				GCC_WARN_UNUSED_FUNCTION = YES;
				GCC_WARN_UNUSED_VARIABLE = YES;
				IPHONEOS_DEPLOYMENT_TARGET = 16.1;
				MTL_ENABLE_DEBUG_INFO = INCLUDE_SOURCE;
				MTL_FAST_MATH = YES;
				ONLY_ACTIVE_ARCH = YES;
				SDKROOT = iphoneos;
				SWIFT_ACTIVE_COMPILATION_CONDITIONS = DEBUG;
				SWIFT_OPTIMIZATION_LEVEL = "-Onone";
			};
			name = Debug;
		};
		39304A732B6FFFC000DCEB4B /* Release */ = {
			isa = XCBuildConfiguration;
			buildSettings = {
				ALWAYS_SEARCH_USER_PATHS = NO;
				CLANG_ANALYZER_NONNULL = YES;
				CLANG_ANALYZER_NUMBER_OBJECT_CONVERSION = YES_AGGRESSIVE;
				CLANG_CXX_LANGUAGE_STANDARD = "gnu++20";
				CLANG_ENABLE_MODULES = YES;
				CLANG_ENABLE_OBJC_ARC = YES;
				CLANG_ENABLE_OBJC_WEAK = YES;
				CLANG_WARN_BLOCK_CAPTURE_AUTORELEASING = YES;
				CLANG_WARN_BOOL_CONVERSION = YES;
				CLANG_WARN_COMMA = YES;
				CLANG_WARN_CONSTANT_CONVERSION = YES;
				CLANG_WARN_DEPRECATED_OBJC_IMPLEMENTATIONS = YES;
				CLANG_WARN_DIRECT_OBJC_ISA_USAGE = YES_ERROR;
				CLANG_WARN_DOCUMENTATION_COMMENTS = YES;
				CLANG_WARN_EMPTY_BODY = YES;
				CLANG_WARN_ENUM_CONVERSION = YES;
				CLANG_WARN_INFINITE_RECURSION = YES;
				CLANG_WARN_INT_CONVERSION = YES;
				CLANG_WARN_NON_LITERAL_NULL_CONVERSION = YES;
				CLANG_WARN_OBJC_IMPLICIT_RETAIN_SELF = YES;
				CLANG_WARN_OBJC_LITERAL_CONVERSION = YES;
				CLANG_WARN_OBJC_ROOT_CLASS = YES_ERROR;
				CLANG_WARN_QUOTED_INCLUDE_IN_FRAMEWORK_HEADER = YES;
				CLANG_WARN_RANGE_LOOP_ANALYSIS = YES;
				CLANG_WARN_STRICT_PROTOTYPES = YES;
				CLANG_WARN_SUSPICIOUS_MOVE = YES;
				CLANG_WARN_UNGUARDED_AVAILABILITY = YES_AGGRESSIVE;
				CLANG_WARN_UNREACHABLE_CODE = YES;
				CLANG_WARN__DUPLICATE_METHOD_MATCH = YES;
				COPY_PHASE_STRIP = NO;
				DEBUG_INFORMATION_FORMAT = "dwarf-with-dsym";
				ENABLE_NS_ASSERTIONS = NO;
				ENABLE_STRICT_OBJC_MSGSEND = YES;
				GCC_C_LANGUAGE_STANDARD = gnu11;
				GCC_NO_COMMON_BLOCKS = YES;
				GCC_WARN_64_TO_32_BIT_CONVERSION = YES;
				GCC_WARN_ABOUT_RETURN_TYPE = YES_ERROR;
				GCC_WARN_UNDECLARED_SELECTOR = YES;
				GCC_WARN_UNINITIALIZED_AUTOS = YES_AGGRESSIVE;
				GCC_WARN_UNUSED_FUNCTION = YES;
				GCC_WARN_UNUSED_VARIABLE = YES;
				IPHONEOS_DEPLOYMENT_TARGET = 16.1;
				MTL_ENABLE_DEBUG_INFO = NO;
				MTL_FAST_MATH = YES;
				SDKROOT = iphoneos;
				SWIFT_COMPILATION_MODE = wholemodule;
				SWIFT_OPTIMIZATION_LEVEL = "-O";
				VALIDATE_PRODUCT = YES;
			};
			name = Release;
		};
		39304A752B6FFFC000DCEB4B /* Debug */ = {
			isa = XCBuildConfiguration;
			buildSettings = {
				ASSETCATALOG_COMPILER_APPICON_NAME = AppIcon;
				ASSETCATALOG_COMPILER_GLOBAL_ACCENT_COLOR_NAME = AccentColor;
				CODE_SIGN_STYLE = Automatic;
				CURRENT_PROJECT_VERSION = 1;
				DEVELOPMENT_ASSET_PATHS = "\"JobSpot_SwiftUI/Preview Content\"";
				DEVELOPMENT_TEAM = R88QX5B8GT;
				ENABLE_PREVIEWS = YES;
				GENERATE_INFOPLIST_FILE = YES;
				INFOPLIST_KEY_UIApplicationSceneManifest_Generation = YES;
				INFOPLIST_KEY_UIApplicationSupportsIndirectInputEvents = YES;
				INFOPLIST_KEY_UILaunchScreen_Generation = YES;
				INFOPLIST_KEY_UISupportedInterfaceOrientations = UIInterfaceOrientationPortrait;
				INFOPLIST_KEY_UISupportedInterfaceOrientations_iPad = "UIInterfaceOrientationLandscapeLeft UIInterfaceOrientationLandscapeRight UIInterfaceOrientationPortrait UIInterfaceOrientationPortraitUpsideDown";
				LD_RUNPATH_SEARCH_PATHS = (
					"$(inherited)",
					"@executable_path/Frameworks",
				);
				MARKETING_VERSION = 1.0;
				PRODUCT_BUNDLE_IDENTIFIER = "com.kodx.JobSpot-SwiftUI";
				PRODUCT_NAME = "$(TARGET_NAME)";
				SUPPORTED_PLATFORMS = "iphoneos iphonesimulator";
				SUPPORTS_MACCATALYST = NO;
				SUPPORTS_MAC_DESIGNED_FOR_IPHONE_IPAD = NO;
				SWIFT_EMIT_LOC_STRINGS = YES;
				SWIFT_VERSION = 5.0;
				TARGETED_DEVICE_FAMILY = 1;
			};
			name = Debug;
		};
		39304A762B6FFFC000DCEB4B /* Release */ = {
			isa = XCBuildConfiguration;
			buildSettings = {
				ASSETCATALOG_COMPILER_APPICON_NAME = AppIcon;
				ASSETCATALOG_COMPILER_GLOBAL_ACCENT_COLOR_NAME = AccentColor;
				CODE_SIGN_STYLE = Automatic;
				CURRENT_PROJECT_VERSION = 1;
				DEVELOPMENT_ASSET_PATHS = "\"JobSpot_SwiftUI/Preview Content\"";
				DEVELOPMENT_TEAM = R88QX5B8GT;
				ENABLE_PREVIEWS = YES;
				GENERATE_INFOPLIST_FILE = YES;
				INFOPLIST_KEY_UIApplicationSceneManifest_Generation = YES;
				INFOPLIST_KEY_UIApplicationSupportsIndirectInputEvents = YES;
				INFOPLIST_KEY_UILaunchScreen_Generation = YES;
				INFOPLIST_KEY_UISupportedInterfaceOrientations = UIInterfaceOrientationPortrait;
				INFOPLIST_KEY_UISupportedInterfaceOrientations_iPad = "UIInterfaceOrientationLandscapeLeft UIInterfaceOrientationLandscapeRight UIInterfaceOrientationPortrait UIInterfaceOrientationPortraitUpsideDown";
				LD_RUNPATH_SEARCH_PATHS = (
					"$(inherited)",
					"@executable_path/Frameworks",
				);
				MARKETING_VERSION = 1.0;
				PRODUCT_BUNDLE_IDENTIFIER = "com.kodx.JobSpot-SwiftUI";
				PRODUCT_NAME = "$(TARGET_NAME)";
				SUPPORTED_PLATFORMS = "iphoneos iphonesimulator";
				SUPPORTS_MACCATALYST = NO;
				SUPPORTS_MAC_DESIGNED_FOR_IPHONE_IPAD = NO;
				SWIFT_EMIT_LOC_STRINGS = YES;
				SWIFT_VERSION = 5.0;
				TARGETED_DEVICE_FAMILY = 1;
			};
			name = Release;
		};
/* End XCBuildConfiguration section */

/* Begin XCConfigurationList section */
		39304A612B6FFFBF00DCEB4B /* Build configuration list for PBXProject "JobSpot_SwiftUI" */ = {
			isa = XCConfigurationList;
			buildConfigurations = (
				39304A722B6FFFC000DCEB4B /* Debug */,
				39304A732B6FFFC000DCEB4B /* Release */,
			);
			defaultConfigurationIsVisible = 0;
			defaultConfigurationName = Release;
		};
		39304A742B6FFFC000DCEB4B /* Build configuration list for PBXNativeTarget "JobSpot_SwiftUI" */ = {
			isa = XCConfigurationList;
			buildConfigurations = (
				39304A752B6FFFC000DCEB4B /* Debug */,
				39304A762B6FFFC000DCEB4B /* Release */,
			);
			defaultConfigurationIsVisible = 0;
			defaultConfigurationName = Release;
		};
/* End XCConfigurationList section */
	};
	rootObject = 39304A5E2B6FFFBF00DCEB4B /* Project object */;
}
